
Microsoft Visual Studio Solution File, Format Version 12.00
# Visual Studio Version 17
VisualStudioVersion = 17.13.35806.99
MinimumVisualStudioVersion = 10.0.40219.1
Project("{FAE04EC0-301F-11D3-BF4B-00C04F79EFBC}") = "BlazorApp2", "BlazorApp2\BlazorApp2.csproj", "{018038B4-18CA-412D-A69C-7C18484F2F6B}"
EndProject
Project("{FAE04EC0-301F-11D3-BF4B-00C04F79EFBC}") = "SimpleServer.Api", "SimpleServer.Api\SimpleServer.Api.csproj", "{42F7D3CE-C47A-48B3-80DB-1E85DCC439E9}"
EndProject
Project("{FAE04EC0-301F-11D3-BF4B-00C04F79EFBC}") = "SimpleServer.Tests", "SimpleServer.Tests\SimpleServer.Tests.csproj", "{CE8E79BC-B97F-4B0A-9C10-1AFAD0C3C7E0}"
EndProject
Project("{FAE04EC0-301F-11D3-BF4B-00C04F79EFBC}") = "SimpleServer.Infrastructure", "SimpleServer.Infrastructure\SimpleServer.Infrastructure.csproj", "{13B4BCE9-7C70-4A16-A4EF-BF049AD93335}"
EndProject
Project("{FAE04EC0-301F-11D3-BF4B-00C04F79EFBC}") = "SimpleServer.Domain", "SimpleServer.Domain\SimpleServer.Domain.csproj", "{82F01BD3-772B-4F3A-8563-0E06E54CB30D}"
EndProject
Global
	GlobalSection(SolutionConfigurationPlatforms) = preSolution
		Debug|Any CPU = Debug|Any CPU
		Release|Any CPU = Release|Any CPU
	EndGlobalSection
	GlobalSection(ProjectConfigurationPlatforms) = postSolution
		{018038B4-18CA-412D-A69C-7C18484F2F6B}.Debug|Any CPU.ActiveCfg = Debug|Any CPU
		{018038B4-18CA-412D-A69C-7C18484F2F6B}.Debug|Any CPU.Build.0 = Debug|Any CPU
		{018038B4-18CA-412D-A69C-7C18484F2F6B}.Release|Any CPU.ActiveCfg = Release|Any CPU
		{018038B4-18CA-412D-A69C-7C18484F2F6B}.Release|Any CPU.Build.0 = Release|Any CPU
		{42F7D3CE-C47A-48B3-80DB-1E85DCC439E9}.Debug|Any CPU.ActiveCfg = Debug|Any CPU
		{42F7D3CE-C47A-48B3-80DB-1E85DCC439E9}.Debug|Any CPU.Build.0 = Debug|Any CPU
		{42F7D3CE-C47A-48B3-80DB-1E85DCC439E9}.Release|Any CPU.ActiveCfg = Release|Any CPU
		{42F7D3CE-C47A-48B3-80DB-1E85DCC439E9}.Release|Any CPU.Build.0 = Release|Any CPU
		{CE8E79BC-B97F-4B0A-9C10-1AFAD0C3C7E0}.Debug|Any CPU.ActiveCfg = Debug|Any CPU
		{CE8E79BC-B97F-4B0A-9C10-1AFAD0C3C7E0}.Debug|Any CPU.Build.0 = Debug|Any CPU
		{CE8E79BC-B97F-4B0A-9C10-1AFAD0C3C7E0}.Release|Any CPU.ActiveCfg = Release|Any CPU
		{CE8E79BC-B97F-4B0A-9C10-1AFAD0C3C7E0}.Release|Any CPU.Build.0 = Release|Any CPU
		{13B4BCE9-7C70-4A16-A4EF-BF049AD93335}.Debug|Any CPU.ActiveCfg = Debug|Any CPU
		{13B4BCE9-7C70-4A16-A4EF-BF049AD93335}.Debug|Any CPU.Build.0 = Debug|Any CPU
		{13B4BCE9-7C70-4A16-A4EF-BF049AD93335}.Release|Any CPU.ActiveCfg = Release|Any CPU
		{13B4BCE9-7C70-4A16-A4EF-BF049AD93335}.Release|Any CPU.Build.0 = Release|Any CPU
		{82F01BD3-772B-4F3A-8563-0E06E54CB30D}.Debug|Any CPU.ActiveCfg = Debug|Any CPU
		{82F01BD3-772B-4F3A-8563-0E06E54CB30D}.Debug|Any CPU.Build.0 = Debug|Any CPU
		{82F01BD3-772B-4F3A-8563-0E06E54CB30D}.Release|Any CPU.ActiveCfg = Release|Any CPU
		{82F01BD3-772B-4F3A-8563-0E06E54CB30D}.Release|Any CPU.Build.0 = Release|Any CPU
	EndGlobalSection
	GlobalSection(SolutionProperties) = preSolution
		HideSolutionNode = FALSE
	EndGlobalSection
	GlobalSection(ExtensibilityGlobals) = postSolution
		SolutionGuid = {DE2A14E1-9255-4F0F-860B-E1BFB952EF41}
	EndGlobalSection
EndGlobal
